
Microsoft Visual Studio Solution File, Format Version 12.00
# Visual Studio Version 16
VisualStudioVersion = 16.0.29509.3
MinimumVisualStudioVersion = 10.0.40219.1
Project("{FAE04EC0-301F-11D3-BF4B-00C04F79EFBC}") = "Document_Repo_Final_Project", "Document_Repo_Final_Project.csproj", "{AD656680-84B6-422F-BD59-193D1B81C69F}"
EndProject
Global
	GlobalSection(SolutionConfigurationPlatforms) = preSolution
		Debug|Any CPU = Debug|Any CPU
		Release|Any CPU = Release|Any CPU
	EndGlobalSection
	GlobalSection(ProjectConfigurationPlatforms) = postSolution
		{AD656680-84B6-422F-BD59-193D1B81C69F}.Debug|Any CPU.ActiveCfg = Debug|Any CPU
		{AD656680-84B6-422F-BD59-193D1B81C69F}.Debug|Any CPU.Build.0 = Debug|Any CPU
		{AD656680-84B6-422F-BD59-193D1B81C69F}.Release|Any CPU.ActiveCfg = Release|Any CPU
		{AD656680-84B6-422F-BD59-193D1B81C69F}.Release|Any CPU.Build.0 = Release|Any CPU
	EndGlobalSection
	GlobalSection(SolutionProperties) = preSolution
		HideSolutionNode = FALSE
	EndGlobalSection
	GlobalSection(ExtensibilityGlobals) = postSolution
		SolutionGuid = {1897D4E0-F5DE-412C-BE26-31D028F41F8F}
	EndGlobalSection
EndGlobal
